// !$*UTF8*$!
{
	archiveVersion = 1;
	classes = {
	};
	objectVersion = 50;
	objects = {

/* Begin PBXBuildFile section */
		6C80B9AD254E507600B7BAAE /* AppDelegate.swift in Sources */ = {isa = PBXBuildFile; fileRef = 6C80B9AC254E507600B7BAAE /* AppDelegate.swift */; };
		6C80B9AF254E507600B7BAAE /* SceneDelegate.swift in Sources */ = {isa = PBXBuildFile; fileRef = 6C80B9AE254E507600B7BAAE /* SceneDelegate.swift */; };
		6C80B9B1254E507600B7BAAE /* ViewController.swift in Sources */ = {isa = PBXBuildFile; fileRef = 6C80B9B0254E507600B7BAAE /* ViewController.swift */; };
		6C80B9B4254E507600B7BAAE /* Main.storyboard in Resources */ = {isa = PBXBuildFile; fileRef = 6C80B9B2254E507600B7BAAE /* Main.storyboard */; };
		6C80B9B6254E507600B7BAAE /* Assets.xcassets in Resources */ = {isa = PBXBuildFile; fileRef = 6C80B9B5254E507600B7BAAE /* Assets.xcassets */; };
		6C80B9B9254E507600B7BAAE /* LaunchScreen.storyboard in Resources */ = {isa = PBXBuildFile; fileRef = 6C80B9B7254E507600B7BAAE /* LaunchScreen.storyboard */; };
/* End PBXBuildFile section */

/* Begin PBXFileReference section */
		6C80B9A9254E507600B7BAAE /* SmartCameraML.app */ = {isa = PBXFileReference; explicitFileType = wrapper.application; includeInIndex = 0; path = SmartCameraML.app; sourceTree = BUILT_PRODUCTS_DIR; };
		6C80B9AC254E507600B7BAAE /* AppDelegate.swift */ = {isa = PBXFileReference; lastKnownFileType = sourcecode.swift; path = AppDelegate.swift; sourceTree = "<group>"; };
		6C80B9AE254E507600B7BAAE /* SceneDelegate.swift */ = {isa = PBXFileReference; lastKnownFileType = sourcecode.swift; path = SceneDelegate.swift; sourceTree = "<group>"; };
		6C80B9B0254E507600B7BAAE /* ViewController.swift */ = {isa = PBXFileReference; lastKnownFileType = sourcecode.swift; path = ViewController.swift; sourceTree = "<group>"; };
		6C80B9B3254E507600B7BAAE /* Base */ = {isa = PBXFileReference; lastKnownFileType = file.storyboard; name = Base; path = Base.lproj/Main.storyboard; sourceTree = "<group>"; };
		6C80B9B5254E507600B7BAAE /* Assets.xcassets */ = {isa = PBXFileReference; lastKnownFileType = folder.assetcatalog; path = Assets.xcassets; sourceTree = "<group>"; };
		6C80B9B8254E507600B7BAAE /* Base */ = {isa = PBXFileReference; lastKnownFileType = file.storyboard; name = Base; path = Base.lproj/LaunchScreen.storyboard; sourceTree = "<group>"; };
		6C80B9BA254E507600B7BAAE /* Info.plist */ = {isa = PBXFileReference; lastKnownFileType = text.plist.xml; path = Info.plist; sourceTree = "<group>"; };
/* End PBXFileReference section */

/* Begin PBXFrameworksBuildPhase section */
		6C80B9A6254E507600B7BAAE /* Frameworks */ = {
			isa = PBXFrameworksBuildPhase;
			buildActionMask = 2147483647;
			files = (
			);
			runOnlyForDeploymentPostprocessing = 0;
		};
/* End PBXFrameworksBuildPhase section */

/* Begin PBXGroup section */
		6C80B9A0254E507600B7BAAE = {
			isa = PBXGroup;
			children = (
				6C80B9AB254E507600B7BAAE /* SmartCameraML */,
				6C80B9AA254E507600B7BAAE /* Products */,
			);
			sourceTree = "<group>";
		};
		6C80B9AA254E507600B7BAAE /* Products */ = {
			isa = PBXGroup;
			children = (
				6C80B9A9254E507600B7BAAE /* SmartCameraML.app */,
			);
			name = Products;
			sourceTree = "<group>";
		};
		6C80B9AB254E507600B7BAAE /* SmartCameraML */ = {
			isa = PBXGroup;
			children = (
				6C80B9AC254E507600B7BAAE /* AppDelegate.swift */,
				6C80B9AE254E507600B7BAAE /* SceneDelegate.swift */,
				6C80B9B0254E507600B7BAAE /* ViewController.swift */,
				6C80B9B2254E507600B7BAAE /* Main.storyboard */,
				6C80B9B5254E507600B7BAAE /* Assets.xcassets */,
				6C80B9B7254E507600B7BAAE /* LaunchScreen.storyboard */,
				6C80B9BA254E507600B7BAAE /* Info.plist */,
			);
			path = SmartCameraML;
			sourceTree = "<group>";
		};
/* End PBXGroup section */

/* Begin PBXNativeTarget section */
		6C80B9A8254E507600B7BAAE /* SmartCameraML */ = {
			isa = PBXNativeTarget;
			buildConfigurationList = 6C80B9BD254E507600B7BAAE /* Build configuration list for PBXNativeTarget "SmartCameraML" */;
			buildPhases = (
				6C80B9A5254E507600B7BAAE /* Sources */,
				6C80B9A6254E507600B7BAAE /* Frameworks */,
				6C80B9A7254E507600B7BAAE /* Resources */,
			);
			buildRules = (
			);
			dependencies = (
			);
			name = SmartCameraML;
			productName = SmartCameraML;
			productReference = 6C80B9A9254E507600B7BAAE /* SmartCameraML.app */;
			productType = "com.apple.product-type.application";
		};
/* End PBXNativeTarget section */

/* Begin PBXProject section */
		6C80B9A1254E507600B7BAAE /* Project object */ = {
			isa = PBXProject;
			attributes = {
				LastSwiftUpdateCheck = 1210;
				LastUpgradeCheck = 1210;
				TargetAttributes = {
					6C80B9A8254E507600B7BAAE = {
						CreatedOnToolsVersion = 12.1;
					};
				};
			};
			buildConfigurationList = 6C80B9A4254E507600B7BAAE /* Build configuration list for PBXProject "SmartCameraML" */;
			compatibilityVersion = "Xcode 9.3";
			developmentRegion = en;
			hasScannedForEncodings = 0;
			knownRegions = (
				en,
				Base,
			);
			mainGroup = 6C80B9A0254E507600B7BAAE;
			productRefGroup = 6C80B9AA254E507600B7BAAE /* Products */;
			projectDirPath = "";
			projectRoot = "";
			targets = (
				6C80B9A8254E507600B7BAAE /* SmartCameraML */,
			);
		};
/* End PBXProject section */

/* Begin PBXResourcesBuildPhase section */
		6C80B9A7254E507600B7BAAE /* Resources */ = {
			isa = PBXResourcesBuildPhase;
			buildActionMask = 2147483647;
			files = (
				6C80B9B9254E507600B7BAAE /* LaunchScreen.storyboard in Resources */,
				6C80B9B6254E507600B7BAAE /* Assets.xcassets in Resources */,
				6C80B9B4254E507600B7BAAE /* Main.storyboard in Resources */,
			);
			runOnlyForDeploymentPostprocessing = 0;
		};
/* End PBXResourcesBuildPhase section */

/* Begin PBXSourcesBuildPhase section */
		6C80B9A5254E507600B7BAAE /* Sources */ = {
			isa = PBXSourcesBuildPhase;
			buildActionMask = 2147483647;
			files = (
				6C80B9B1254E507600B7BAAE /* ViewController.swift in Sources */,
				6C80B9AD254E507600B7BAAE /* AppDelegate.swift in Sources */,
				6C80B9AF254E507600B7BAAE /* SceneDelegate.swift in Sources */,
			);
			runOnlyForDeploymentPostprocessing = 0;
		};
/* End PBXSourcesBuildPhase section */

/* Begin PBXVariantGroup section */
		6C80B9B2254E507600B7BAAE /* Main.storyboard */ = {
			isa = PBXVariantGroup;
			children = (
				6C80B9B3254E507600B7BAAE /* Base */,
			);
			name = Main.storyboard;
			sourceTree = "<group>";
		};
		6C80B9B7254E507600B7BAAE /* LaunchScreen.storyboard */ = {
			isa = PBXVariantGroup;
			children = (
				6C80B9B8254E507600B7BAAE /* Base */,
			);
			name = LaunchScreen.storyboard;
			sourceTree = "<group>";
		};
/* End PBXVariantGroup section */

/* Begin XCBuildConfiguration section */
		6C80B9BB254E507600B7BAAE /* Debug */ = {
			isa = XCBuildConfiguration;
			buildSettings = {
				ALWAYS_SEARCH_USER_PATHS = NO;
				CLANG_ANALYZER_NONNULL = YES;
				CLANG_ANALYZER_NUMBER_OBJECT_CONVERSION = YES_AGGRESSIVE;
				CLANG_CXX_LANGUAGE_STANDARD = "gnu++14";
				CLANG_CXX_LIBRARY = "libc++";
				CLANG_ENABLE_MODULES = YES;
				CLANG_ENABLE_OBJC_ARC = YES;
				CLANG_ENABLE_OBJC_WEAK = YES;
				CLANG_WARN_BLOCK_CAPTURE_AUTORELEASING = YES;
				CLANG_WARN_BOOL_CONVERSION = YES;
				CLANG_WARN_COMMA = YES;
				CLANG_WARN_CONSTANT_CONVERSION = YES;
				CLANG_WARN_DEPRECATED_OBJC_IMPLEMENTATIONS = YES;
				CLANG_WARN_DIRECT_OBJC_ISA_USAGE = YES_ERROR;
				CLANG_WARN_DOCUMENTATION_COMMENTS = YES;
				CLANG_WARN_EMPTY_BODY = YES;
				CLANG_WARN_ENUM_CONVERSION = YES;
				CLANG_WARN_INFINITE_RECURSION = YES;
				CLANG_WARN_INT_CONVERSION = YES;
				CLANG_WARN_NON_LITERAL_NULL_CONVERSION = YES;
				CLANG_WARN_OBJC_IMPLICIT_RETAIN_SELF = YES;
				CLANG_WARN_OBJC_LITERAL_CONVERSION = YES;
				CLANG_WARN_OBJC_ROOT_CLASS = YES_ERROR;
				CLANG_WARN_QUOTED_INCLUDE_IN_FRAMEWORK_HEADER = YES;
				CLANG_WARN_RANGE_LOOP_ANALYSIS = YES;
				CLANG_WARN_STRICT_PROTOTYPES = YES;
				CLANG_WARN_SUSPICIOUS_MOVE = YES;
				CLANG_WARN_UNGUARDED_AVAILABILITY = YES_AGGRESSIVE;
				CLANG_WARN_UNREACHABLE_CODE = YES;
				CLANG_WARN__DUPLICATE_METHOD_MATCH = YES;
				COPY_PHASE_STRIP = NO;
				DEBUG_INFORMATION_FORMAT = dwarf;
				ENABLE_STRICT_OBJC_MSGSEND = YES;
				ENABLE_TESTABILITY = YES;
				GCC_C_LANGUAGE_STANDARD = gnu11;
				GCC_DYNAMIC_NO_PIC = NO;
				GCC_NO_COMMON_BLOCKS = YES;
				GCC_OPTIMIZATION_LEVEL = 0;
				GCC_PREPROCESSOR_DEFINITIONS = (
					"DEBUG=1",
					"$(inherited)",
				);
				GCC_WARN_64_TO_32_BIT_CONVERSION = YES;
				GCC_WARN_ABOUT_RETURN_TYPE = YES_ERROR;
				GCC_WARN_UNDECLARED_SELECTOR = YES;
				GCC_WARN_UNINITIALIZED_AUTOS = YES_AGGRESSIVE;
				GCC_WARN_UNUSED_FUNCTION = YES;
				GCC_WARN_UNUSED_VARIABLE = YES;
				IPHONEOS_DEPLOYMENT_TARGET = 14.1;
				MTL_ENABLE_DEBUG_INFO = INCLUDE_SOURCE;
				MTL_FAST_MATH = YES;
				ONLY_ACTIVE_ARCH = YES;
				SDKROOT = iphoneos;
				SWIFT_ACTIVE_COMPILATION_CONDITIONS = DEBUG;
				SWIFT_OPTIMIZATION_LEVEL = "-Onone";
			};
			name = Debug;
		};
		6C80B9BC254E507600B7BAAE /* Release */ = {
			isa = XCBuildConfiguration;
			buildSettings = {
				ALWAYS_SEARCH_USER_PATHS = NO;
				CLANG_ANALYZER_NONNULL = YES;
				CLANG_ANALYZER_NUMBER_OBJECT_CONVERSION = YES_AGGRESSIVE;
				CLANG_CXX_LANGUAGE_STANDARD = "gnu++14";
				CLANG_CXX_LIBRARY = "libc++";
				CLANG_ENABLE_MODULES = YES;
				CLANG_ENABLE_OBJC_ARC = YES;
				CLANG_ENABLE_OBJC_WEAK = YES;
				CLANG_WARN_BLOCK_CAPTURE_AUTORELEASING = YES;
				CLANG_WARN_BOOL_CONVERSION = YES;
				CLANG_WARN_COMMA = YES;
				CLANG_WARN_CONSTANT_CONVERSION = YES;
				CLANG_WARN_DEPRECATED_OBJC_IMPLEMENTATIONS = YES;
				CLANG_WARN_DIRECT_OBJC_ISA_USAGE = YES_ERROR;
				CLANG_WARN_DOCUMENTATION_COMMENTS = YES;
				CLANG_WARN_EMPTY_BODY = YES;
				CLANG_WARN_ENUM_CONVERSION = YES;
				CLANG_WARN_INFINITE_RECURSION = YES;
				CLANG_WARN_INT_CONVERSION = YES;
				CLANG_WARN_NON_LITERAL_NULL_CONVERSION = YES;
				CLANG_WARN_OBJC_IMPLICIT_RETAIN_SELF = YES;
				CLANG_WARN_OBJC_LITERAL_CONVERSION = YES;
				CLANG_WARN_OBJC_ROOT_CLASS = YES_ERROR;
				CLANG_WARN_QUOTED_INCLUDE_IN_FRAMEWORK_HEADER = YES;
				CLANG_WARN_RANGE_LOOP_ANALYSIS = YES;
				CLANG_WARN_STRICT_PROTOTYPES = YES;
				CLANG_WARN_SUSPICIOUS_MOVE = YES;
				CLANG_WARN_UNGUARDED_AVAILABILITY = YES_AGGRESSIVE;
				CLANG_WARN_UNREACHABLE_CODE = YES;
				CLANG_WARN__DUPLICATE_METHOD_MATCH = YES;
				COPY_PHASE_STRIP = NO;
				DEBUG_INFORMATION_FORMAT = "dwarf-with-dsym";
				ENABLE_NS_ASSERTIONS = NO;
				ENABLE_STRICT_OBJC_MSGSEND = YES;
				GCC_C_LANGUAGE_STANDARD = gnu11;
				GCC_NO_COMMON_BLOCKS = YES;
				GCC_WARN_64_TO_32_BIT_CONVERSION = YES;
				GCC_WARN_ABOUT_RETURN_TYPE = YES_ERROR;
				GCC_WARN_UNDECLARED_SELECTOR = YES;
				GCC_WARN_UNINITIALIZED_AUTOS = YES_AGGRESSIVE;
				GCC_WARN_UNUSED_FUNCTION = YES;
				GCC_WARN_UNUSED_VARIABLE = YES;
				IPHONEOS_DEPLOYMENT_TARGET = 14.1;
				MTL_ENABLE_DEBUG_INFO = NO;
				MTL_FAST_MATH = YES;
				SDKROOT = iphoneos;
				SWIFT_COMPILATION_MODE = wholemodule;
				SWIFT_OPTIMIZATION_LEVEL = "-O";
				VALIDATE_PRODUCT = YES;
			};
			name = Release;
		};
		6C80B9BE254E507600B7BAAE /* Debug */ = {
			isa = XCBuildConfiguration;
			buildSettings = {
				ASSETCATALOG_COMPILER_APPICON_NAME = AppIcon;
				ASSETCATALOG_COMPILER_GLOBAL_ACCENT_COLOR_NAME = AccentColor;
				CODE_SIGN_STYLE = Automatic;
				DEVELOPMENT_TEAM = V43XWKPYH6;
				INFOPLIST_FILE = SmartCameraML/Info.plist;
				LD_RUNPATH_SEARCH_PATHS = (
					"$(inherited)",
					"@executable_path/Frameworks",
				);
				PRODUCT_BUNDLE_IDENTIFIER = "Arun-Jamal.SmartCameraML";
				PRODUCT_NAME = "$(TARGET_NAME)";
				SWIFT_VERSION = 5.0;
				TARGETED_DEVICE_FAMILY = "1,2";
			};
			name = Debug;
		};
		6C80B9BF254E507600B7BAAE /* Release */ = {
			isa = XCBuildConfiguration;
			buildSettings = {
				ASSETCATALOG_COMPILER_APPICON_NAME = AppIcon;
				ASSETCATALOG_COMPILER_GLOBAL_ACCENT_COLOR_NAME = AccentColor;
				CODE_SIGN_STYLE = Automatic;
				DEVELOPMENT_TEAM = V43XWKPYH6;
				INFOPLIST_FILE = SmartCameraML/Info.plist;
				LD_RUNPATH_SEARCH_PATHS = (
					"$(inherited)",
					"@executable_path/Frameworks",
				);
				PRODUCT_BUNDLE_IDENTIFIER = "Arun-Jamal.SmartCameraML";
				PRODUCT_NAME = "$(TARGET_NAME)";
				SWIFT_VERSION = 5.0;
				TARGETED_DEVICE_FAMILY = "1,2";
			};
			name = Release;
		};
/* End XCBuildConfiguration section */

/* Begin XCConfigurationList section */
		6C80B9A4254E507600B7BAAE /* Build configuration list for PBXProject "SmartCameraML" */ = {
			isa = XCConfigurationList;
			buildConfigurations = (
				6C80B9BB254E507600B7BAAE /* Debug */,
				6C80B9BC254E507600B7BAAE /* Release */,
			);
			defaultConfigurationIsVisible = 0;
			defaultConfigurationName = Release;
		};
		6C80B9BD254E507600B7BAAE /* Build configuration list for PBXNativeTarget "SmartCameraML" */ = {
			isa = XCConfigurationList;
			buildConfigurations = (
				6C80B9BE254E507600B7BAAE /* Debug */,
				6C80B9BF254E507600B7BAAE /* Release */,
			);
			defaultConfigurationIsVisible = 0;
			defaultConfigurationName = Release;
		};
/* End XCConfigurationList section */
	};
	rootObject = 6C80B9A1254E507600B7BAAE /* Project object */;
}
